
Microsoft Visual Studio Solution File, Format Version 12.00
# Visual Studio Version 16
VisualStudioVersion = 16.0.32002.261
MinimumVisualStudioVersion = 10.0.40219.1
Project("{FAE04EC0-301F-11D3-BF4B-00C04F79EFBC}") = "BookMyFlight", "BookMyFlight.csproj", "{5AFDF2F3-8B3C-4D61-A485-FBDD5DB95B0F}"
EndProject
Global
	GlobalSection(SolutionConfigurationPlatforms) = preSolution
		Debug|Any CPU = Debug|Any CPU
		Release|Any CPU = Release|Any CPU
	EndGlobalSection
	GlobalSection(ProjectConfigurationPlatforms) = postSolution
		{5AFDF2F3-8B3C-4D61-A485-FBDD5DB95B0F}.Debug|Any CPU.ActiveCfg = Debug|Any CPU
		{5AFDF2F3-8B3C-4D61-A485-FBDD5DB95B0F}.Debug|Any CPU.Build.0 = Debug|Any CPU
		{5AFDF2F3-8B3C-4D61-A485-FBDD5DB95B0F}.Release|Any CPU.ActiveCfg = Release|Any CPU
		{5AFDF2F3-8B3C-4D61-A485-FBDD5DB95B0F}.Release|Any CPU.Build.0 = Release|Any CPU
	EndGlobalSection
	GlobalSection(SolutionProperties) = preSolution
		HideSolutionNode = FALSE
	EndGlobalSection
	GlobalSection(ExtensibilityGlobals) = postSolution
		SolutionGuid = {D61B78D7-2080-46FF-A19A-D2FBE8A10215}
	EndGlobalSection
EndGlobal
